
Microsoft Visual Studio Solution File, Format Version 12.00
# Visual Studio Version 16
VisualStudioVersion = 16.0.29326.143
MinimumVisualStudioVersion = 10.0.40219.1
Project("{FAE04EC0-301F-11D3-BF4B-00C04F79EFBC}") = "SumOfPrimes", "SumOfPrimes\SumOfPrimes.csproj", "{D770A92E-411E-4243-8E05-22A914AC6041}"
EndProject
Global
	GlobalSection(SolutionConfigurationPlatforms) = preSolution
		Debug|Any CPU = Debug|Any CPU
		Release|Any CPU = Release|Any CPU
	EndGlobalSection
	GlobalSection(ProjectConfigurationPlatforms) = postSolution
		{D770A92E-411E-4243-8E05-22A914AC6041}.Debug|Any CPU.ActiveCfg = Debug|Any CPU
		{D770A92E-411E-4243-8E05-22A914AC6041}.Debug|Any CPU.Build.0 = Debug|Any CPU
		{D770A92E-411E-4243-8E05-22A914AC6041}.Release|Any CPU.ActiveCfg = Release|Any CPU
		{D770A92E-411E-4243-8E05-22A914AC6041}.Release|Any CPU.Build.0 = Release|Any CPU
	EndGlobalSection
	GlobalSection(SolutionProperties) = preSolution
		HideSolutionNode = FALSE
	EndGlobalSection
	GlobalSection(ExtensibilityGlobals) = postSolution
		SolutionGuid = {C093BFDD-23AC-4A99-A419-7A301213FAB4}
	EndGlobalSection
EndGlobal
